
Microsoft Visual Studio Solution File, Format Version 12.00
# Visual Studio Express 2013 for Windows Desktop
VisualStudioVersion = 12.0.30723.0
MinimumVisualStudioVersion = 10.0.40219.1
Project("{FAE04EC0-301F-11D3-BF4B-00C04F79EFBC}") = "Bubbles Mark 2", "Bubbles Mark 2\Bubbles Mark 2.csproj", "{AA842829-1561-41CB-874C-2D1705EFB1E4}"
EndProject
Global
	GlobalSection(SolutionConfigurationPlatforms) = preSolution
		Debug|Any CPU = Debug|Any CPU
		Release|Any CPU = Release|Any CPU
	EndGlobalSection
	GlobalSection(ProjectConfigurationPlatforms) = postSolution
		{AA842829-1561-41CB-874C-2D1705EFB1E4}.Debug|Any CPU.ActiveCfg = Debug|Any CPU
		{AA842829-1561-41CB-874C-2D1705EFB1E4}.Debug|Any CPU.Build.0 = Debug|Any CPU
		{AA842829-1561-41CB-874C-2D1705EFB1E4}.Release|Any CPU.ActiveCfg = Release|Any CPU
		{AA842829-1561-41CB-874C-2D1705EFB1E4}.Release|Any CPU.Build.0 = Release|Any CPU
	EndGlobalSection
	GlobalSection(SolutionProperties) = preSolution
		HideSolutionNode = FALSE
	EndGlobalSection
EndGlobal
